
Microsoft Visual Studio Solution File, Format Version 12.00
# Visual Studio Version 16
VisualStudioVersion = 16.0.29609.76
MinimumVisualStudioVersion = 10.0.40219.1
Project("{FAE04EC0-301F-11D3-BF4B-00C04F79EFBC}") = "BubblePDF", "BubblePDF\BubblePDF.csproj", "{28839ED0-CB64-401E-9274-C975021104A7}"
EndProject
Global
	GlobalSection(SolutionConfigurationPlatforms) = preSolution
		Debug|Any CPU = Debug|Any CPU
		Release|Any CPU = Release|Any CPU
	EndGlobalSection
	GlobalSection(ProjectConfigurationPlatforms) = postSolution
		{28839ED0-CB64-401E-9274-C975021104A7}.Debug|Any CPU.ActiveCfg = Debug|Any CPU
		{28839ED0-CB64-401E-9274-C975021104A7}.Debug|Any CPU.Build.0 = Debug|Any CPU
		{28839ED0-CB64-401E-9274-C975021104A7}.Release|Any CPU.ActiveCfg = Release|Any CPU
		{28839ED0-CB64-401E-9274-C975021104A7}.Release|Any CPU.Build.0 = Release|Any CPU
	EndGlobalSection
	GlobalSection(SolutionProperties) = preSolution
		HideSolutionNode = FALSE
	EndGlobalSection
	GlobalSection(ExtensibilityGlobals) = postSolution
		SolutionGuid = {EE1D8673-29BC-482F-AEC5-09FFF0688B72}
	EndGlobalSection
EndGlobal
